# THIS IS AN AUTOGENERATED FILE. DO NOT EDIT THIS FILE DIRECTLY.
# yarn lockfile v1


debug@^3.0.0:
  version "3.1.0"
  resolved "https://registry.yarnpkg.com/debug/-/debug-3.1.0.tgz#5bb5a0672628b64149566ba16819e61518c67261"
  dependencies:
    ms "2.0.0"

dotenv@^5.0.0:
  version "5.0.0"
  resolved "https://registry.yarnpkg.com/dotenv/-/dotenv-5.0.0.tgz#0206eb5b336639bf377618a2a304ff00c6a1fddb"

encoding@^0.1.11:
  version "0.1.12"
  resolved "https://registry.yarnpkg.com/encoding/-/encoding-0.1.12.tgz#538b66f3ee62cd1ab51ec323829d1f9480c74beb"
  dependencies:
    iconv-lite "~0.4.13"

iconv-lite@~0.4.13:
  version "0.4.19"
  resolved "https://registry.yarnpkg.com/iconv-lite/-/iconv-lite-0.4.19.tgz#f7468f60135f5e5dad3399c0a81be9a1603a082b"

is-stream@^1.0.1:
  version "1.1.0"
  resolved "https://registry.yarnpkg.com/is-stream/-/is-stream-1.1.0.tgz#12d4a3dd4e68e0b79ceb8dbc84173ae80d91ca44"

ms@2.0.0:
  version "2.0.0"
  resolved "https://registry.yarnpkg.com/ms/-/ms-2.0.0.tgz#5608aeadfc00be6c2901df5f9861788de0d597c8"

node-fetch@^1.6.3, node-fetch@^1.7.3:
  version "1.7.3"
  resolved "https://registry.yarnpkg.com/node-fetch/-/node-fetch-1.7.3.tgz#980f6f72d85211a5347c6b2bc18c5b84c3eb47ef"
  dependencies:
    encoding "^0.1.11"
    is-stream "^1.0.1"

sandwich-stream@^1.0.0:
  version "1.0.0"
  resolved "https://registry.yarnpkg.com/sandwich-stream/-/sandwich-stream-1.0.0.tgz#7830e45797b5933287f1f9b28f871907456262f2"

telegraf@^3.17.6:
  version "3.17.6"
  resolved "https://registry.yarnpkg.com/telegraf/-/telegraf-3.17.6.tgz#3a7ba9ca69631a49e7d1407f35e90faf9e63cd4c"
  dependencies:
    debug "^3.0.0"
    node-fetch "^1.6.3"
    sandwich-stream "^1.0.0"
